{
  "name": "Food-T",
  "lockfileVersion": 2,
  "requires": true,
  "packages": {
    "": {
      "dependencies": {
        "bootstrap-show-notification": "^1.1.3"
      }
    },
    "node_modules/bootstrap-show-notification": {
      "version": "1.1.3",
      "resolved": "https://registry.npmjs.org/bootstrap-show-notification/-/bootstrap-show-notification-1.1.3.tgz",
      "integrity": "sha512-Nje+N0Vs3dZXIu7V1MxXg4ko3towRu/8xU0pd2a5/fAg57piESpiUm2s7GZs9I8k+G5GG6q3ZwLcXMf4klvLSw==",
      "dependencies": {
        "teevi": "^2.1.10"
      }
    },
    "node_modules/teevi": {
      "version": "2.1.10",
      "resolved": "https://registry.npmjs.org/teevi/-/teevi-2.1.10.tgz",
      "integrity": "sha512-hjWaUkdyi0gjhEll3qaqIDtQHm/qNKW4WFoNOAXSkHOFxBbZwqL1QBCxZMZR4IcxGB0Kf/BTw5JXOxOcEb4Djg=="
    }
  },
  "dependencies": {
    "bootstrap-show-notification": {
      "version": "1.1.3",
      "resolved": "https://registry.npmjs.org/bootstrap-show-notification/-/bootstrap-show-notification-1.1.3.tgz",
      "integrity": "sha512-Nje+N0Vs3dZXIu7V1MxXg4ko3towRu/8xU0pd2a5/fAg57piESpiUm2s7GZs9I8k+G5GG6q3ZwLcXMf4klvLSw==",
      "requires": {
        "teevi": "^2.1.10"
      }
    },
    "teevi": {
      "version": "2.1.10",
      "resolved": "https://registry.npmjs.org/teevi/-/teevi-2.1.10.tgz",
      "integrity": "sha512-hjWaUkdyi0gjhEll3qaqIDtQHm/qNKW4WFoNOAXSkHOFxBbZwqL1QBCxZMZR4IcxGB0Kf/BTw5JXOxOcEb4Djg=="
    }
  }
}
